
Microsoft Visual Studio Solution File, Format Version 12.00
# Visual Studio Version 16
VisualStudioVersion = 16.0.30413.136
MinimumVisualStudioVersion = 10.0.40219.1
Project("{9A19103F-16F7-4668-BE54-9A1E7A4F7556}") = "Test", "Test\Test.csproj", "{BA1DF20C-FB19-4237-B2BB-9605BB216C2F}"
EndProject
Project("{9A19103F-16F7-4668-BE54-9A1E7A4F7556}") = "DynamicAssembly", "DynamicAssembly\DynamicAssembly.csproj", "{18DE8E59-1CBA-48E7-85EB-AF111F68BE94}"
EndProject
Project("{FAE04EC0-301F-11D3-BF4B-00C04F79EFBC}") = "Generator", "Generator\Generator.csproj", "{68F2FA87-AE5E-4C3D-8459-8D7362469065}"
EndProject
Global
	GlobalSection(SolutionConfigurationPlatforms) = preSolution
		Debug|Any CPU = Debug|Any CPU
		Release|Any CPU = Release|Any CPU
	EndGlobalSection
	GlobalSection(ProjectConfigurationPlatforms) = postSolution
		{BA1DF20C-FB19-4237-B2BB-9605BB216C2F}.Debug|Any CPU.ActiveCfg = Debug|Any CPU
		{BA1DF20C-FB19-4237-B2BB-9605BB216C2F}.Debug|Any CPU.Build.0 = Debug|Any CPU
		{BA1DF20C-FB19-4237-B2BB-9605BB216C2F}.Release|Any CPU.ActiveCfg = Release|Any CPU
		{BA1DF20C-FB19-4237-B2BB-9605BB216C2F}.Release|Any CPU.Build.0 = Release|Any CPU
		{18DE8E59-1CBA-48E7-85EB-AF111F68BE94}.Debug|Any CPU.ActiveCfg = Debug|Any CPU
		{18DE8E59-1CBA-48E7-85EB-AF111F68BE94}.Debug|Any CPU.Build.0 = Debug|Any CPU
		{18DE8E59-1CBA-48E7-85EB-AF111F68BE94}.Release|Any CPU.ActiveCfg = Release|Any CPU
		{18DE8E59-1CBA-48E7-85EB-AF111F68BE94}.Release|Any CPU.Build.0 = Release|Any CPU
		{68F2FA87-AE5E-4C3D-8459-8D7362469065}.Debug|Any CPU.ActiveCfg = Debug|Any CPU
		{68F2FA87-AE5E-4C3D-8459-8D7362469065}.Debug|Any CPU.Build.0 = Debug|Any CPU
		{68F2FA87-AE5E-4C3D-8459-8D7362469065}.Release|Any CPU.ActiveCfg = Release|Any CPU
		{68F2FA87-AE5E-4C3D-8459-8D7362469065}.Release|Any CPU.Build.0 = Release|Any CPU
	EndGlobalSection
	GlobalSection(SolutionProperties) = preSolution
		HideSolutionNode = FALSE
	EndGlobalSection
	GlobalSection(ExtensibilityGlobals) = postSolution
		SolutionGuid = {0B9FB94E-7B33-4875-8CAC-6BAE7E6A4490}
	EndGlobalSection
EndGlobal
